// !$*UTF8*$!
{
	archiveVersion = 1;
	classes = {
	};
	objectVersion = 50;
	objects = {

/* Begin PBXBuildFile section */
		798D75FC20CD8BD80082274A /* Sox.swift in Sources */ = {isa = PBXBuildFile; fileRef = 798D75FB20CD8BD80082274A /* Sox.swift */; };
		798D760320CD90210082274A /* sox in Resources */ = {isa = PBXBuildFile; fileRef = 798D760220CD90210082274A /* sox */; };
		799018B420CFC94F00C2618E /* Warnings.strings in Resources */ = {isa = PBXBuildFile; fileRef = 799018B620CFC94F00C2618E /* Warnings.strings */; };
		79A72D2220C6949900260B30 /* AppDelegate.swift in Sources */ = {isa = PBXBuildFile; fileRef = 79A72D2120C6949900260B30 /* AppDelegate.swift */; };
		79A72D2420C6949900260B30 /* ViewController.swift in Sources */ = {isa = PBXBuildFile; fileRef = 79A72D2320C6949900260B30 /* ViewController.swift */; };
		79A72D2620C6949D00260B30 /* Assets.xcassets in Resources */ = {isa = PBXBuildFile; fileRef = 79A72D2520C6949D00260B30 /* Assets.xcassets */; };
		79A72D2920C6949D00260B30 /* Main.storyboard in Resources */ = {isa = PBXBuildFile; fileRef = 79A72D2720C6949D00260B30 /* Main.storyboard */; };
		79A72D3520C6949D00260B30 /* BatIdentificationTests.swift in Sources */ = {isa = PBXBuildFile; fileRef = 79A72D3420C6949D00260B30 /* BatIdentificationTests.swift */; };
		79A72D4020C6949D00260B30 /* BatIdentificationUITests.swift in Sources */ = {isa = PBXBuildFile; fileRef = 79A72D3F20C6949D00260B30 /* BatIdentificationUITests.swift */; };
		79A72D5020C6978C00260B30 /* animal-1296176_1280.png in Resources */ = {isa = PBXBuildFile; fileRef = 79A72D4F20C6978C00260B30 /* animal-1296176_1280.png */; };
		79A72D5220C6AA9000260B30 /* OAuth2.framework in Frameworks */ = {isa = PBXBuildFile; fileRef = 79A72D5120C6AA9000260B30 /* OAuth2.framework */; };
		79A72D5320C6AA9000260B30 /* OAuth2.framework in Embed Frameworks */ = {isa = PBXBuildFile; fileRef = 79A72D5120C6AA9000260B30 /* OAuth2.framework */; settings = {ATTRIBUTES = (CodeSignOnCopy, RemoveHeadersOnCopy, ); }; };
		79A72D5720C6AABB00260B30 /* OAuth2.framework.dSYM in CopyFiles */ = {isa = PBXBuildFile; fileRef = 79A72D5620C6AABA00260B30 /* OAuth2.framework.dSYM */; };
		79A72D5B20C6AD8B00260B30 /* BatIdentificationLoader.swift in Sources */ = {isa = PBXBuildFile; fileRef = 79A72D5A20C6AD8B00260B30 /* BatIdentificationLoader.swift */; };
		79A72D5E20C6B21D00260B30 /* Common.strings in Resources */ = {isa = PBXBuildFile; fileRef = 79A72D6020C6B21D00260B30 /* Common.strings */; };
		79A72D6320C6B29D00260B30 /* Localizable.strings in Resources */ = {isa = PBXBuildFile; fileRef = 79A72D6520C6B29D00260B30 /* Localizable.strings */; };
		79C6539C20C7FB3C00F8DD8F /* OAuthViewController.swift in Sources */ = {isa = PBXBuildFile; fileRef = 79C6539B20C7FB3C00F8DD8F /* OAuthViewController.swift */; };
		79C6539F20C8664200F8DD8F /* TabViewController.swift in Sources */ = {isa = PBXBuildFile; fileRef = 79C6539D20C8664200F8DD8F /* TabViewController.swift */; };
		79C653A420C86B6A00F8DD8F /* serrah-galos-494295-unsplash.jpg in Resources */ = {isa = PBXBuildFile; fileRef = 79C653A320C86B6A00F8DD8F /* serrah-galos-494295-unsplash.jpg */; };
		79C653A620CAC0D500F8DD8F /* BatCall.swift in Sources */ = {isa = PBXBuildFile; fileRef = 79C653A520CAC0D400F8DD8F /* BatCall.swift */; };
		79C653A920CB0B5E00F8DD8F /* WarningViewController.swift in Sources */ = {isa = PBXBuildFile; fileRef = 79C653A720CB0B5E00F8DD8F /* WarningViewController.swift */; };
/* End PBXBuildFile section */

/* Begin PBXContainerItemProxy section */
		79A72D3120C6949D00260B30 /* PBXContainerItemProxy */ = {
			isa = PBXContainerItemProxy;
			containerPortal = 79A72D1620C6949900260B30 /* Project object */;
			proxyType = 1;
			remoteGlobalIDString = 79A72D1D20C6949900260B30;
			remoteInfo = BatIdentification;
		};
		79A72D3C20C6949D00260B30 /* PBXContainerItemProxy */ = {
			isa = PBXContainerItemProxy;
			containerPortal = 79A72D1620C6949900260B30 /* Project object */;
			proxyType = 1;
			remoteGlobalIDString = 79A72D1D20C6949900260B30;
			remoteInfo = BatIdentification;
		};
/* End PBXContainerItemProxy section */

/* Begin PBXCopyFilesBuildPhase section */
		79A72D5420C6AA9000260B30 /* Embed Frameworks */ = {
			isa = PBXCopyFilesBuildPhase;
			buildActionMask = 2147483647;
			dstPath = "";
			dstSubfolderSpec = 10;
			files = (
				79A72D5320C6AA9000260B30 /* OAuth2.framework in Embed Frameworks */,
			);
			name = "Embed Frameworks";
			runOnlyForDeploymentPostprocessing = 0;
		};
		79A72D5520C6AAA500260B30 /* CopyFiles */ = {
			isa = PBXCopyFilesBuildPhase;
			buildActionMask = 2147483647;
			dstPath = "";
			dstSubfolderSpec = 16;
			files = (
				79A72D5720C6AABB00260B30 /* OAuth2.framework.dSYM in CopyFiles */,
			);
			runOnlyForDeploymentPostprocessing = 0;
		};
/* End PBXCopyFilesBuildPhase section */

/* Begin PBXFileReference section */
		798D75FB20CD8BD80082274A /* Sox.swift */ = {isa = PBXFileReference; lastKnownFileType = sourcecode.swift; path = Sox.swift; sourceTree = "<group>"; };
		798D760220CD90210082274A /* sox */ = {isa = PBXFileReference; lastKnownFileType = "compiled.mach-o.executable"; path = sox; sourceTree = SOURCE_ROOT; };
		799018B520CFC94F00C2618E /* en */ = {isa = PBXFileReference; lastKnownFileType = text.plist.strings; name = en; path = en.lproj/Warnings.strings; sourceTree = "<group>"; };
		79A72D1E20C6949900260B30 /* BatIdentification.app */ = {isa = PBXFileReference; explicitFileType = wrapper.application; includeInIndex = 0; path = BatIdentification.app; sourceTree = BUILT_PRODUCTS_DIR; };
		79A72D2120C6949900260B30 /* AppDelegate.swift */ = {isa = PBXFileReference; lastKnownFileType = sourcecode.swift; path = AppDelegate.swift; sourceTree = "<group>"; };
		79A72D2320C6949900260B30 /* ViewController.swift */ = {isa = PBXFileReference; lastKnownFileType = sourcecode.swift; path = ViewController.swift; sourceTree = "<group>"; };
		79A72D2520C6949D00260B30 /* Assets.xcassets */ = {isa = PBXFileReference; lastKnownFileType = folder.assetcatalog; path = Assets.xcassets; sourceTree = "<group>"; };
		79A72D2820C6949D00260B30 /* Base */ = {isa = PBXFileReference; lastKnownFileType = file.storyboard; name = Base; path = Base.lproj/Main.storyboard; sourceTree = "<group>"; };
		79A72D2A20C6949D00260B30 /* Info.plist */ = {isa = PBXFileReference; lastKnownFileType = text.plist.xml; path = Info.plist; sourceTree = "<group>"; };
		79A72D2B20C6949D00260B30 /* BatIdentification.entitlements */ = {isa = PBXFileReference; lastKnownFileType = text.plist.entitlements; path = BatIdentification.entitlements; sourceTree = "<group>"; };
		79A72D3020C6949D00260B30 /* BatIdentificationTests.xctest */ = {isa = PBXFileReference; explicitFileType = wrapper.cfbundle; includeInIndex = 0; path = BatIdentificationTests.xctest; sourceTree = BUILT_PRODUCTS_DIR; };
		79A72D3420C6949D00260B30 /* BatIdentificationTests.swift */ = {isa = PBXFileReference; lastKnownFileType = sourcecode.swift; path = BatIdentificationTests.swift; sourceTree = "<group>"; };
		79A72D3620C6949D00260B30 /* Info.plist */ = {isa = PBXFileReference; lastKnownFileType = text.plist.xml; path = Info.plist; sourceTree = "<group>"; };
		79A72D3B20C6949D00260B30 /* BatIdentificationUITests.xctest */ = {isa = PBXFileReference; explicitFileType = wrapper.cfbundle; includeInIndex = 0; path = BatIdentificationUITests.xctest; sourceTree = BUILT_PRODUCTS_DIR; };
		79A72D3F20C6949D00260B30 /* BatIdentificationUITests.swift */ = {isa = PBXFileReference; lastKnownFileType = sourcecode.swift; path = BatIdentificationUITests.swift; sourceTree = "<group>"; };
		79A72D4120C6949D00260B30 /* Info.plist */ = {isa = PBXFileReference; lastKnownFileType = text.plist.xml; path = Info.plist; sourceTree = "<group>"; };
		79A72D4F20C6978C00260B30 /* animal-1296176_1280.png */ = {isa = PBXFileReference; lastKnownFileType = image.png; path = "animal-1296176_1280.png"; sourceTree = "<group>"; };
		79A72D5120C6AA9000260B30 /* OAuth2.framework */ = {isa = PBXFileReference; lastKnownFileType = wrapper.framework; name = OAuth2.framework; path = Carthage/Build/Mac/OAuth2.framework; sourceTree = "<group>"; };
		79A72D5620C6AABA00260B30 /* OAuth2.framework.dSYM */ = {isa = PBXFileReference; lastKnownFileType = wrapper.dsym; name = OAuth2.framework.dSYM; path = Carthage/Build/Mac/OAuth2.framework.dSYM; sourceTree = "<group>"; };
		79A72D5A20C6AD8B00260B30 /* BatIdentificationLoader.swift */ = {isa = PBXFileReference; lastKnownFileType = sourcecode.swift; path = BatIdentificationLoader.swift; sourceTree = "<group>"; };
		79A72D5F20C6B21D00260B30 /* en */ = {isa = PBXFileReference; lastKnownFileType = text.plist.strings; name = en; path = en.lproj/Common.strings; sourceTree = "<group>"; };
		79A72D6420C6B29D00260B30 /* en */ = {isa = PBXFileReference; lastKnownFileType = text.plist.strings; name = en; path = en.lproj/Localizable.strings; sourceTree = "<group>"; };
		79C6539B20C7FB3C00F8DD8F /* OAuthViewController.swift */ = {isa = PBXFileReference; lastKnownFileType = sourcecode.swift; path = OAuthViewController.swift; sourceTree = "<group>"; };
		79C6539D20C8664200F8DD8F /* TabViewController.swift */ = {isa = PBXFileReference; lastKnownFileType = sourcecode.swift; path = TabViewController.swift; sourceTree = "<group>"; };
		79C653A320C86B6A00F8DD8F /* serrah-galos-494295-unsplash.jpg */ = {isa = PBXFileReference; lastKnownFileType = image.jpeg; path = "serrah-galos-494295-unsplash.jpg"; sourceTree = "<group>"; };
		79C653A520CAC0D400F8DD8F /* BatCall.swift */ = {isa = PBXFileReference; lastKnownFileType = sourcecode.swift; path = BatCall.swift; sourceTree = "<group>"; };
		79C653A720CB0B5E00F8DD8F /* WarningViewController.swift */ = {isa = PBXFileReference; lastKnownFileType = sourcecode.swift; path = WarningViewController.swift; sourceTree = "<group>"; };
/* End PBXFileReference section */

/* Begin PBXFrameworksBuildPhase section */
		79A72D1B20C6949900260B30 /* Frameworks */ = {
			isa = PBXFrameworksBuildPhase;
			buildActionMask = 2147483647;
			files = (
				79A72D5220C6AA9000260B30 /* OAuth2.framework in Frameworks */,
			);
			runOnlyForDeploymentPostprocessing = 0;
		};
		79A72D2D20C6949D00260B30 /* Frameworks */ = {
			isa = PBXFrameworksBuildPhase;
			buildActionMask = 2147483647;
			files = (
			);
			runOnlyForDeploymentPostprocessing = 0;
		};
		79A72D3820C6949D00260B30 /* Frameworks */ = {
			isa = PBXFrameworksBuildPhase;
			buildActionMask = 2147483647;
			files = (
			);
			runOnlyForDeploymentPostprocessing = 0;
		};
/* End PBXFrameworksBuildPhase section */

/* Begin PBXGroup section */
		79252F2320CD6E2B00A2E471 /* Frameworks */ = {
			isa = PBXGroup;
			children = (
			);
			name = Frameworks;
			sourceTree = "<group>";
		};
		798D760120CD90190082274A /* Executables */ = {
			isa = PBXGroup;
			children = (
				798D760220CD90210082274A /* sox */,
			);
			path = Executables;
			sourceTree = "<group>";
		};
		79A72D1520C6949900260B30 = {
			isa = PBXGroup;
			children = (
				79A72D5620C6AABA00260B30 /* OAuth2.framework.dSYM */,
				79A72D5120C6AA9000260B30 /* OAuth2.framework */,
				79A72D2020C6949900260B30 /* BatIdentification */,
				79A72D3320C6949D00260B30 /* BatIdentificationTests */,
				79A72D3E20C6949D00260B30 /* BatIdentificationUITests */,
				79A72D1F20C6949900260B30 /* Products */,
				79252F2320CD6E2B00A2E471 /* Frameworks */,
			);
			sourceTree = "<group>";
		};
		79A72D1F20C6949900260B30 /* Products */ = {
			isa = PBXGroup;
			children = (
				79A72D1E20C6949900260B30 /* BatIdentification.app */,
				79A72D3020C6949D00260B30 /* BatIdentificationTests.xctest */,
				79A72D3B20C6949D00260B30 /* BatIdentificationUITests.xctest */,
			);
			name = Products;
			sourceTree = "<group>";
		};
		79A72D2020C6949900260B30 /* BatIdentification */ = {
			isa = PBXGroup;
			children = (
				798D760120CD90190082274A /* Executables */,
				79A72D4E20C6976E00260B30 /* Assets */,
				79A72D2120C6949900260B30 /* AppDelegate.swift */,
				79A72D2320C6949900260B30 /* ViewController.swift */,
				79C653A720CB0B5E00F8DD8F /* WarningViewController.swift */,
				79C6539D20C8664200F8DD8F /* TabViewController.swift */,
				79A72D5A20C6AD8B00260B30 /* BatIdentificationLoader.swift */,
				79C653A520CAC0D400F8DD8F /* BatCall.swift */,
				79C6539B20C7FB3C00F8DD8F /* OAuthViewController.swift */,
				798D75FB20CD8BD80082274A /* Sox.swift */,
				79A72D2520C6949D00260B30 /* Assets.xcassets */,
				79A72D2720C6949D00260B30 /* Main.storyboard */,
				79A72D2A20C6949D00260B30 /* Info.plist */,
				79A72D2B20C6949D00260B30 /* BatIdentification.entitlements */,
			);
			path = BatIdentification;
			sourceTree = "<group>";
		};
		79A72D3320C6949D00260B30 /* BatIdentificationTests */ = {
			isa = PBXGroup;
			children = (
				79A72D3420C6949D00260B30 /* BatIdentificationTests.swift */,
				79A72D3620C6949D00260B30 /* Info.plist */,
			);
			path = BatIdentificationTests;
			sourceTree = "<group>";
		};
		79A72D3E20C6949D00260B30 /* BatIdentificationUITests */ = {
			isa = PBXGroup;
			children = (
				79A72D3F20C6949D00260B30 /* BatIdentificationUITests.swift */,
				79A72D4120C6949D00260B30 /* Info.plist */,
			);
			path = BatIdentificationUITests;
			sourceTree = "<group>";
		};
		79A72D4E20C6976E00260B30 /* Assets */ = {
			isa = PBXGroup;
			children = (
				79A72D4F20C6978C00260B30 /* animal-1296176_1280.png */,
				79C653A320C86B6A00F8DD8F /* serrah-galos-494295-unsplash.jpg */,
				79A72D6020C6B21D00260B30 /* Common.strings */,
				799018B620CFC94F00C2618E /* Warnings.strings */,
				79A72D6520C6B29D00260B30 /* Localizable.strings */,
			);
			path = Assets;
			sourceTree = "<group>";
		};
/* End PBXGroup section */

/* Begin PBXNativeTarget section */
		79A72D1D20C6949900260B30 /* BatIdentification */ = {
			isa = PBXNativeTarget;
			buildConfigurationList = 79A72D4420C6949D00260B30 /* Build configuration list for PBXNativeTarget "BatIdentification" */;
			buildPhases = (
				79A72D1A20C6949900260B30 /* Sources */,
				79A72D1B20C6949900260B30 /* Frameworks */,
				79A72D1C20C6949900260B30 /* Resources */,
				79A72D5420C6AA9000260B30 /* Embed Frameworks */,
				79A72D5520C6AAA500260B30 /* CopyFiles */,
			);
			buildRules = (
			);
			dependencies = (
			);
			name = BatIdentification;
			productName = BatIdentification;
			productReference = 79A72D1E20C6949900260B30 /* BatIdentification.app */;
			productType = "com.apple.product-type.application";
		};
		79A72D2F20C6949D00260B30 /* BatIdentificationTests */ = {
			isa = PBXNativeTarget;
			buildConfigurationList = 79A72D4720C6949D00260B30 /* Build configuration list for PBXNativeTarget "BatIdentificationTests" */;
			buildPhases = (
				79A72D2C20C6949D00260B30 /* Sources */,
				79A72D2D20C6949D00260B30 /* Frameworks */,
				79A72D2E20C6949D00260B30 /* Resources */,
			);
			buildRules = (
			);
			dependencies = (
				79A72D3220C6949D00260B30 /* PBXTargetDependency */,
			);
			name = BatIdentificationTests;
			productName = BatIdentificationTests;
			productReference = 79A72D3020C6949D00260B30 /* BatIdentificationTests.xctest */;
			productType = "com.apple.product-type.bundle.unit-test";
		};
		79A72D3A20C6949D00260B30 /* BatIdentificationUITests */ = {
			isa = PBXNativeTarget;
			buildConfigurationList = 79A72D4A20C6949D00260B30 /* Build configuration list for PBXNativeTarget "BatIdentificationUITests" */;
			buildPhases = (
				79A72D3720C6949D00260B30 /* Sources */,
				79A72D3820C6949D00260B30 /* Frameworks */,
				79A72D3920C6949D00260B30 /* Resources */,
			);
			buildRules = (
			);
			dependencies = (
				79A72D3D20C6949D00260B30 /* PBXTargetDependency */,
			);
			name = BatIdentificationUITests;
			productName = BatIdentificationUITests;
			productReference = 79A72D3B20C6949D00260B30 /* BatIdentificationUITests.xctest */;
			productType = "com.apple.product-type.bundle.ui-testing";
		};
/* End PBXNativeTarget section */

/* Begin PBXProject section */
		79A72D1620C6949900260B30 /* Project object */ = {
			isa = PBXProject;
			attributes = {
				LastSwiftUpdateCheck = 0930;
				LastUpgradeCheck = 0930;
				ORGANIZATIONNAME = "Richard Beattie";
				TargetAttributes = {
					79A72D1D20C6949900260B30 = {
						CreatedOnToolsVersion = 9.3.1;
						SystemCapabilities = {
							com.apple.Sandbox = {
								enabled = 1;
							};
						};
					};
					79A72D2F20C6949D00260B30 = {
						CreatedOnToolsVersion = 9.3.1;
						TestTargetID = 79A72D1D20C6949900260B30;
					};
					79A72D3A20C6949D00260B30 = {
						CreatedOnToolsVersion = 9.3.1;
						TestTargetID = 79A72D1D20C6949900260B30;
					};
				};
			};
			buildConfigurationList = 79A72D1920C6949900260B30 /* Build configuration list for PBXProject "BatIdentification" */;
			compatibilityVersion = "Xcode 9.3";
			developmentRegion = en;
			hasScannedForEncodings = 0;
			knownRegions = (
				en,
				Base,
			);
			mainGroup = 79A72D1520C6949900260B30;
			productRefGroup = 79A72D1F20C6949900260B30 /* Products */;
			projectDirPath = "";
			projectRoot = "";
			targets = (
				79A72D1D20C6949900260B30 /* BatIdentification */,
				79A72D2F20C6949D00260B30 /* BatIdentificationTests */,
				79A72D3A20C6949D00260B30 /* BatIdentificationUITests */,
			);
		};
/* End PBXProject section */

/* Begin PBXResourcesBuildPhase section */
		79A72D1C20C6949900260B30 /* Resources */ = {
			isa = PBXResourcesBuildPhase;
			buildActionMask = 2147483647;
			files = (
				79A72D6320C6B29D00260B30 /* Localizable.strings in Resources */,
				799018B420CFC94F00C2618E /* Warnings.strings in Resources */,
				79A72D2620C6949D00260B30 /* Assets.xcassets in Resources */,
				79C653A420C86B6A00F8DD8F /* serrah-galos-494295-unsplash.jpg in Resources */,
				798D760320CD90210082274A /* sox in Resources */,
				79A72D2920C6949D00260B30 /* Main.storyboard in Resources */,
				79A72D5020C6978C00260B30 /* animal-1296176_1280.png in Resources */,
				79A72D5E20C6B21D00260B30 /* Common.strings in Resources */,
			);
			runOnlyForDeploymentPostprocessing = 0;
		};
		79A72D2E20C6949D00260B30 /* Resources */ = {
			isa = PBXResourcesBuildPhase;
			buildActionMask = 2147483647;
			files = (
			);
			runOnlyForDeploymentPostprocessing = 0;
		};
		79A72D3920C6949D00260B30 /* Resources */ = {
			isa = PBXResourcesBuildPhase;
			buildActionMask = 2147483647;
			files = (
			);
			runOnlyForDeploymentPostprocessing = 0;
		};
/* End PBXResourcesBuildPhase section */

/* Begin PBXSourcesBuildPhase section */
		79A72D1A20C6949900260B30 /* Sources */ = {
			isa = PBXSourcesBuildPhase;
			buildActionMask = 2147483647;
			files = (
				79C653A920CB0B5E00F8DD8F /* WarningViewController.swift in Sources */,
				79C6539C20C7FB3C00F8DD8F /* OAuthViewController.swift in Sources */,
				79A72D2420C6949900260B30 /* ViewController.swift in Sources */,
				79A72D5B20C6AD8B00260B30 /* BatIdentificationLoader.swift in Sources */,
				79C6539F20C8664200F8DD8F /* TabViewController.swift in Sources */,
				79A72D2220C6949900260B30 /* AppDelegate.swift in Sources */,
				798D75FC20CD8BD80082274A /* Sox.swift in Sources */,
				79C653A620CAC0D500F8DD8F /* BatCall.swift in Sources */,
			);
			runOnlyForDeploymentPostprocessing = 0;
		};
		79A72D2C20C6949D00260B30 /* Sources */ = {
			isa = PBXSourcesBuildPhase;
			buildActionMask = 2147483647;
			files = (
				79A72D3520C6949D00260B30 /* BatIdentificationTests.swift in Sources */,
			);
			runOnlyForDeploymentPostprocessing = 0;
		};
		79A72D3720C6949D00260B30 /* Sources */ = {
			isa = PBXSourcesBuildPhase;
			buildActionMask = 2147483647;
			files = (
				79A72D4020C6949D00260B30 /* BatIdentificationUITests.swift in Sources */,
			);
			runOnlyForDeploymentPostprocessing = 0;
		};
/* End PBXSourcesBuildPhase section */

/* Begin PBXTargetDependency section */
		79A72D3220C6949D00260B30 /* PBXTargetDependency */ = {
			isa = PBXTargetDependency;
			target = 79A72D1D20C6949900260B30 /* BatIdentification */;
			targetProxy = 79A72D3120C6949D00260B30 /* PBXContainerItemProxy */;
		};
		79A72D3D20C6949D00260B30 /* PBXTargetDependency */ = {
			isa = PBXTargetDependency;
			target = 79A72D1D20C6949900260B30 /* BatIdentification */;
			targetProxy = 79A72D3C20C6949D00260B30 /* PBXContainerItemProxy */;
		};
/* End PBXTargetDependency section */

/* Begin PBXVariantGroup section */
		799018B620CFC94F00C2618E /* Warnings.strings */ = {
			isa = PBXVariantGroup;
			children = (
				799018B520CFC94F00C2618E /* en */,
			);
			name = Warnings.strings;
			sourceTree = "<group>";
		};
		79A72D2720C6949D00260B30 /* Main.storyboard */ = {
			isa = PBXVariantGroup;
			children = (
				79A72D2820C6949D00260B30 /* Base */,
			);
			name = Main.storyboard;
			sourceTree = "<group>";
		};
		79A72D6020C6B21D00260B30 /* Common.strings */ = {
			isa = PBXVariantGroup;
			children = (
				79A72D5F20C6B21D00260B30 /* en */,
			);
			name = Common.strings;
			sourceTree = "<group>";
		};
		79A72D6520C6B29D00260B30 /* Localizable.strings */ = {
			isa = PBXVariantGroup;
			children = (
				79A72D6420C6B29D00260B30 /* en */,
			);
			name = Localizable.strings;
			sourceTree = "<group>";
		};
/* End PBXVariantGroup section */

/* Begin XCBuildConfiguration section */
		79A72D4220C6949D00260B30 /* Debug */ = {
			isa = XCBuildConfiguration;
			buildSettings = {
				ALWAYS_SEARCH_USER_PATHS = NO;
				CLANG_ANALYZER_NONNULL = YES;
				CLANG_ANALYZER_NUMBER_OBJECT_CONVERSION = YES_AGGRESSIVE;
				CLANG_CXX_LANGUAGE_STANDARD = "gnu++14";
				CLANG_CXX_LIBRARY = "libc++";
				CLANG_ENABLE_MODULES = YES;
				CLANG_ENABLE_OBJC_ARC = YES;
				CLANG_ENABLE_OBJC_WEAK = YES;
				CLANG_WARN_BLOCK_CAPTURE_AUTORELEASING = YES;
				CLANG_WARN_BOOL_CONVERSION = YES;
				CLANG_WARN_COMMA = YES;
				CLANG_WARN_CONSTANT_CONVERSION = YES;
				CLANG_WARN_DEPRECATED_OBJC_IMPLEMENTATIONS = YES;
				CLANG_WARN_DIRECT_OBJC_ISA_USAGE = YES_ERROR;
				CLANG_WARN_DOCUMENTATION_COMMENTS = YES;
				CLANG_WARN_EMPTY_BODY = YES;
				CLANG_WARN_ENUM_CONVERSION = YES;
				CLANG_WARN_INFINITE_RECURSION = YES;
				CLANG_WARN_INT_CONVERSION = YES;
				CLANG_WARN_NON_LITERAL_NULL_CONVERSION = YES;
				CLANG_WARN_OBJC_IMPLICIT_RETAIN_SELF = YES;
				CLANG_WARN_OBJC_LITERAL_CONVERSION = YES;
				CLANG_WARN_OBJC_ROOT_CLASS = YES_ERROR;
				CLANG_WARN_RANGE_LOOP_ANALYSIS = YES;
				CLANG_WARN_STRICT_PROTOTYPES = YES;
				CLANG_WARN_SUSPICIOUS_MOVE = YES;
				CLANG_WARN_UNGUARDED_AVAILABILITY = YES_AGGRESSIVE;
				CLANG_WARN_UNREACHABLE_CODE = YES;
				CLANG_WARN__DUPLICATE_METHOD_MATCH = YES;
				CODE_SIGN_IDENTITY = "Mac Developer";
				COPY_PHASE_STRIP = NO;
				DEBUG_INFORMATION_FORMAT = dwarf;
				ENABLE_STRICT_OBJC_MSGSEND = YES;
				ENABLE_TESTABILITY = YES;
				GCC_C_LANGUAGE_STANDARD = gnu11;
				GCC_DYNAMIC_NO_PIC = NO;
				GCC_NO_COMMON_BLOCKS = YES;
				GCC_OPTIMIZATION_LEVEL = 0;
				GCC_PREPROCESSOR_DEFINITIONS = (
					"DEBUG=1",
					"$(inherited)",
				);
				GCC_WARN_64_TO_32_BIT_CONVERSION = YES;
				GCC_WARN_ABOUT_RETURN_TYPE = YES_ERROR;
				GCC_WARN_UNDECLARED_SELECTOR = YES;
				GCC_WARN_UNINITIALIZED_AUTOS = YES_AGGRESSIVE;
				GCC_WARN_UNUSED_FUNCTION = YES;
				GCC_WARN_UNUSED_VARIABLE = YES;
				MACOSX_DEPLOYMENT_TARGET = 10.13;
				MTL_ENABLE_DEBUG_INFO = YES;
				ONLY_ACTIVE_ARCH = YES;
				SDKROOT = macosx;
				SWIFT_ACTIVE_COMPILATION_CONDITIONS = DEBUG;
				SWIFT_OPTIMIZATION_LEVEL = "-Onone";
			};
			name = Debug;
		};
		79A72D4320C6949D00260B30 /* Release */ = {
			isa = XCBuildConfiguration;
			buildSettings = {
				ALWAYS_SEARCH_USER_PATHS = NO;
				CLANG_ANALYZER_NONNULL = YES;
				CLANG_ANALYZER_NUMBER_OBJECT_CONVERSION = YES_AGGRESSIVE;
				CLANG_CXX_LANGUAGE_STANDARD = "gnu++14";
				CLANG_CXX_LIBRARY = "libc++";
				CLANG_ENABLE_MODULES = YES;
				CLANG_ENABLE_OBJC_ARC = YES;
				CLANG_ENABLE_OBJC_WEAK = YES;
				CLANG_WARN_BLOCK_CAPTURE_AUTORELEASING = YES;
				CLANG_WARN_BOOL_CONVERSION = YES;
				CLANG_WARN_COMMA = YES;
				CLANG_WARN_CONSTANT_CONVERSION = YES;
				CLANG_WARN_DEPRECATED_OBJC_IMPLEMENTATIONS = YES;
				CLANG_WARN_DIRECT_OBJC_ISA_USAGE = YES_ERROR;
				CLANG_WARN_DOCUMENTATION_COMMENTS = YES;
				CLANG_WARN_EMPTY_BODY = YES;
				CLANG_WARN_ENUM_CONVERSION = YES;
				CLANG_WARN_INFINITE_RECURSION = YES;
				CLANG_WARN_INT_CONVERSION = YES;
				CLANG_WARN_NON_LITERAL_NULL_CONVERSION = YES;
				CLANG_WARN_OBJC_IMPLICIT_RETAIN_SELF = YES;
				CLANG_WARN_OBJC_LITERAL_CONVERSION = YES;
				CLANG_WARN_OBJC_ROOT_CLASS = YES_ERROR;
				CLANG_WARN_RANGE_LOOP_ANALYSIS = YES;
				CLANG_WARN_STRICT_PROTOTYPES = YES;
				CLANG_WARN_SUSPICIOUS_MOVE = YES;
				CLANG_WARN_UNGUARDED_AVAILABILITY = YES_AGGRESSIVE;
				CLANG_WARN_UNREACHABLE_CODE = YES;
				CLANG_WARN__DUPLICATE_METHOD_MATCH = YES;
				CODE_SIGN_IDENTITY = "Mac Developer";
				COPY_PHASE_STRIP = NO;
				DEBUG_INFORMATION_FORMAT = "dwarf-with-dsym";
				ENABLE_NS_ASSERTIONS = NO;
				ENABLE_STRICT_OBJC_MSGSEND = YES;
				GCC_C_LANGUAGE_STANDARD = gnu11;
				GCC_NO_COMMON_BLOCKS = YES;
				GCC_WARN_64_TO_32_BIT_CONVERSION = YES;
				GCC_WARN_ABOUT_RETURN_TYPE = YES_ERROR;
				GCC_WARN_UNDECLARED_SELECTOR = YES;
				GCC_WARN_UNINITIALIZED_AUTOS = YES_AGGRESSIVE;
				GCC_WARN_UNUSED_FUNCTION = YES;
				GCC_WARN_UNUSED_VARIABLE = YES;
				MACOSX_DEPLOYMENT_TARGET = 10.13;
				MTL_ENABLE_DEBUG_INFO = NO;
				SDKROOT = macosx;
				SWIFT_COMPILATION_MODE = wholemodule;
				SWIFT_OPTIMIZATION_LEVEL = "-O";
			};
			name = Release;
		};
		79A72D4520C6949D00260B30 /* Debug */ = {
			isa = XCBuildConfiguration;
			buildSettings = {
				ASSETCATALOG_COMPILER_APPICON_NAME = AppIcon;
				CODE_SIGN_ENTITLEMENTS = BatIdentification/BatIdentification.entitlements;
				CODE_SIGN_STYLE = Automatic;
				COMBINE_HIDPI_IMAGES = YES;
				DEVELOPMENT_TEAM = 2H9RGX4L6H;
				FRAMEWORK_SEARCH_PATHS = (
					"$(inherited)",
					"$(PROJECT_DIR)/Carthage/Build/Mac",
					"$(PROJECT_DIR)/Frameworks",
				);
				INFOPLIST_FILE = BatIdentification/Info.plist;
				LD_RUNPATH_SEARCH_PATHS = (
					"$(inherited)",
					"@executable_path/../Frameworks",
				);
				OTHER_LDFLAGS = "-lstdc++";
				PRODUCT_BUNDLE_IDENTIFIER = com.batidentification.BatIdentification;
				PRODUCT_NAME = "$(TARGET_NAME)";
				SWIFT_VERSION = 4.0;
			};
			name = Debug;
		};
		79A72D4620C6949D00260B30 /* Release */ = {
			isa = XCBuildConfiguration;
			buildSettings = {
				ASSETCATALOG_COMPILER_APPICON_NAME = AppIcon;
				CODE_SIGN_ENTITLEMENTS = BatIdentification/BatIdentification.entitlements;
				CODE_SIGN_STYLE = Automatic;
				COMBINE_HIDPI_IMAGES = YES;
				DEVELOPMENT_TEAM = 2H9RGX4L6H;
				FRAMEWORK_SEARCH_PATHS = (
					"$(inherited)",
					"$(PROJECT_DIR)/Carthage/Build/Mac",
					"$(PROJECT_DIR)/Frameworks",
				);
				INFOPLIST_FILE = BatIdentification/Info.plist;
				LD_RUNPATH_SEARCH_PATHS = (
					"$(inherited)",
					"@executable_path/../Frameworks",
				);
				OTHER_LDFLAGS = "-lstdc++";
				PRODUCT_BUNDLE_IDENTIFIER = com.batidentification.BatIdentification;
				PRODUCT_NAME = "$(TARGET_NAME)";
				SWIFT_VERSION = 4.0;
			};
			name = Release;
		};
		79A72D4820C6949D00260B30 /* Debug */ = {
			isa = XCBuildConfiguration;
			buildSettings = {
				ALWAYS_EMBED_SWIFT_STANDARD_LIBRARIES = YES;
				BUNDLE_LOADER = "$(TEST_HOST)";
				CODE_SIGN_STYLE = Automatic;
				COMBINE_HIDPI_IMAGES = YES;
				DEVELOPMENT_TEAM = 2H9RGX4L6H;
				INFOPLIST_FILE = BatIdentificationTests/Info.plist;
				LD_RUNPATH_SEARCH_PATHS = (
					"$(inherited)",
					"@executable_path/../Frameworks",
					"@loader_path/../Frameworks",
				);
				PRODUCT_BUNDLE_IDENTIFIER = com.batidentification.BatIdentificationTests;
				PRODUCT_NAME = "$(TARGET_NAME)";
				SWIFT_VERSION = 4.0;
				TEST_HOST = "$(BUILT_PRODUCTS_DIR)/BatIdentification.app/Contents/MacOS/BatIdentification";
			};
			name = Debug;
		};
		79A72D4920C6949D00260B30 /* Release */ = {
			isa = XCBuildConfiguration;
			buildSettings = {
				ALWAYS_EMBED_SWIFT_STANDARD_LIBRARIES = YES;
				BUNDLE_LOADER = "$(TEST_HOST)";
				CODE_SIGN_STYLE = Automatic;
				COMBINE_HIDPI_IMAGES = YES;
				DEVELOPMENT_TEAM = 2H9RGX4L6H;
				INFOPLIST_FILE = BatIdentificationTests/Info.plist;
				LD_RUNPATH_SEARCH_PATHS = (
					"$(inherited)",
					"@executable_path/../Frameworks",
					"@loader_path/../Frameworks",
				);
				PRODUCT_BUNDLE_IDENTIFIER = com.batidentification.BatIdentificationTests;
				PRODUCT_NAME = "$(TARGET_NAME)";
				SWIFT_VERSION = 4.0;
				TEST_HOST = "$(BUILT_PRODUCTS_DIR)/BatIdentification.app/Contents/MacOS/BatIdentification";
			};
			name = Release;
		};
		79A72D4B20C6949D00260B30 /* Debug */ = {
			isa = XCBuildConfiguration;
			buildSettings = {
				ALWAYS_EMBED_SWIFT_STANDARD_LIBRARIES = YES;
				CODE_SIGN_STYLE = Automatic;
				COMBINE_HIDPI_IMAGES = YES;
				DEVELOPMENT_TEAM = 2H9RGX4L6H;
				INFOPLIST_FILE = BatIdentificationUITests/Info.plist;
				LD_RUNPATH_SEARCH_PATHS = (
					"$(inherited)",
					"@executable_path/../Frameworks",
					"@loader_path/../Frameworks",
				);
				PRODUCT_BUNDLE_IDENTIFIER = com.batidentification.BatIdentificationUITests;
				PRODUCT_NAME = "$(TARGET_NAME)";
				SWIFT_VERSION = 4.0;
				TEST_TARGET_NAME = BatIdentification;
			};
			name = Debug;
		};
		79A72D4C20C6949D00260B30 /* Release */ = {
			isa = XCBuildConfiguration;
			buildSettings = {
				ALWAYS_EMBED_SWIFT_STANDARD_LIBRARIES = YES;
				CODE_SIGN_STYLE = Automatic;
				COMBINE_HIDPI_IMAGES = YES;
				DEVELOPMENT_TEAM = 2H9RGX4L6H;
				INFOPLIST_FILE = BatIdentificationUITests/Info.plist;
				LD_RUNPATH_SEARCH_PATHS = (
					"$(inherited)",
					"@executable_path/../Frameworks",
					"@loader_path/../Frameworks",
				);
				PRODUCT_BUNDLE_IDENTIFIER = com.batidentification.BatIdentificationUITests;
				PRODUCT_NAME = "$(TARGET_NAME)";
				SWIFT_VERSION = 4.0;
				TEST_TARGET_NAME = BatIdentification;
			};
			name = Release;
		};
/* End XCBuildConfiguration section */

/* Begin XCConfigurationList section */
		79A72D1920C6949900260B30 /* Build configuration list for PBXProject "BatIdentification" */ = {
			isa = XCConfigurationList;
			buildConfigurations = (
				79A72D4220C6949D00260B30 /* Debug */,
				79A72D4320C6949D00260B30 /* Release */,
			);
			defaultConfigurationIsVisible = 0;
			defaultConfigurationName = Release;
		};
		79A72D4420C6949D00260B30 /* Build configuration list for PBXNativeTarget "BatIdentification" */ = {
			isa = XCConfigurationList;
			buildConfigurations = (
				79A72D4520C6949D00260B30 /* Debug */,
				79A72D4620C6949D00260B30 /* Release */,
			);
			defaultConfigurationIsVisible = 0;
			defaultConfigurationName = Release;
		};
		79A72D4720C6949D00260B30 /* Build configuration list for PBXNativeTarget "BatIdentificationTests" */ = {
			isa = XCConfigurationList;
			buildConfigurations = (
				79A72D4820C6949D00260B30 /* Debug */,
				79A72D4920C6949D00260B30 /* Release */,
			);
			defaultConfigurationIsVisible = 0;
			defaultConfigurationName = Release;
		};
		79A72D4A20C6949D00260B30 /* Build configuration list for PBXNativeTarget "BatIdentificationUITests" */ = {
			isa = XCConfigurationList;
			buildConfigurations = (
				79A72D4B20C6949D00260B30 /* Debug */,
				79A72D4C20C6949D00260B30 /* Release */,
			);
			defaultConfigurationIsVisible = 0;
			defaultConfigurationName = Release;
		};
/* End XCConfigurationList section */
	};
	rootObject = 79A72D1620C6949900260B30 /* Project object */;
}
